
Microsoft Visual Studio Solution File, Format Version 12.00
# Visual Studio Version 16
VisualStudioVersion = 16.0.29920.165
MinimumVisualStudioVersion = 10.0.40219.1
Project("{9A19103F-16F7-4668-BE54-9A1E7A4F7556}") = "WebApi", "WebApi\WebApi.csproj", "{B4027C11-FB45-4B84-80E3-AD915BDE0EF6}"
EndProject
Project("{9A19103F-16F7-4668-BE54-9A1E7A4F7556}") = "Core", "Core\Core.csproj", "{BD5394B4-A9E0-48AC-BD2B-57D3E850EC38}"
EndProject
Project("{9A19103F-16F7-4668-BE54-9A1E7A4F7556}") = "Repository", "Repository\Repository.csproj", "{29CE1D6A-2DBA-466B-A24A-46CF1F96B75E}"
EndProject
Project("{9A19103F-16F7-4668-BE54-9A1E7A4F7556}") = "Model", "Model\Model.csproj", "{ED6E3AF6-E5AB-4622-888D-923CD99A24F7}"
EndProject
Global
	GlobalSection(SolutionConfigurationPlatforms) = preSolution
		Debug|Any CPU = Debug|Any CPU
		Release|Any CPU = Release|Any CPU
	EndGlobalSection
	GlobalSection(ProjectConfigurationPlatforms) = postSolution
		{B4027C11-FB45-4B84-80E3-AD915BDE0EF6}.Debug|Any CPU.ActiveCfg = Debug|Any CPU
		{B4027C11-FB45-4B84-80E3-AD915BDE0EF6}.Debug|Any CPU.Build.0 = Debug|Any CPU
		{B4027C11-FB45-4B84-80E3-AD915BDE0EF6}.Release|Any CPU.ActiveCfg = Release|Any CPU
		{B4027C11-FB45-4B84-80E3-AD915BDE0EF6}.Release|Any CPU.Build.0 = Release|Any CPU
		{BD5394B4-A9E0-48AC-BD2B-57D3E850EC38}.Debug|Any CPU.ActiveCfg = Debug|Any CPU
		{BD5394B4-A9E0-48AC-BD2B-57D3E850EC38}.Debug|Any CPU.Build.0 = Debug|Any CPU
		{BD5394B4-A9E0-48AC-BD2B-57D3E850EC38}.Release|Any CPU.ActiveCfg = Release|Any CPU
		{BD5394B4-A9E0-48AC-BD2B-57D3E850EC38}.Release|Any CPU.Build.0 = Release|Any CPU
		{29CE1D6A-2DBA-466B-A24A-46CF1F96B75E}.Debug|Any CPU.ActiveCfg = Debug|Any CPU
		{29CE1D6A-2DBA-466B-A24A-46CF1F96B75E}.Debug|Any CPU.Build.0 = Debug|Any CPU
		{29CE1D6A-2DBA-466B-A24A-46CF1F96B75E}.Release|Any CPU.ActiveCfg = Release|Any CPU
		{29CE1D6A-2DBA-466B-A24A-46CF1F96B75E}.Release|Any CPU.Build.0 = Release|Any CPU
		{ED6E3AF6-E5AB-4622-888D-923CD99A24F7}.Debug|Any CPU.ActiveCfg = Debug|Any CPU
		{ED6E3AF6-E5AB-4622-888D-923CD99A24F7}.Debug|Any CPU.Build.0 = Debug|Any CPU
		{ED6E3AF6-E5AB-4622-888D-923CD99A24F7}.Release|Any CPU.ActiveCfg = Release|Any CPU
		{ED6E3AF6-E5AB-4622-888D-923CD99A24F7}.Release|Any CPU.Build.0 = Release|Any CPU
	EndGlobalSection
	GlobalSection(SolutionProperties) = preSolution
		HideSolutionNode = FALSE
	EndGlobalSection
	GlobalSection(ExtensibilityGlobals) = postSolution
		SolutionGuid = {F8E32276-8640-40A7-8EE7-B0024F28CE47}
	EndGlobalSection
EndGlobal
